{
    "_meta": {
        "hash": {
            "sha256": "a66707d6870a87923bd4c2c506691710d816bdc0724893f733e2db82420d346c"
        },
        "pipfile-spec": 6,
        "requires": {
            "python_version": "3.8"
        },
        "sources": [
            {
                "name": "pypi",
                "url": "https://pypi.org/simple",
                "verify_ssl": true
            }
        ]
    },
    "default": {
        "cffi": {
            "hashes": [
                "sha256:0da50dcbccd7cb7e6c741ab7912b2eff48e85af217d72b57f80ebc616257125e",
                "sha256:12a453e03124069b6896107ee133ae3ab04c624bb10683e1ed1c1663df17c13c",
                "sha256:15419020b0e812b40d96ec9d369b2bc8109cc3295eac6e013d3261343580cc7e",
                "sha256:15a5f59a4808f82d8ec7364cbace851df591c2d43bc76bcbe5c4543a7ddd1bf1",
                "sha256:23e44937d7695c27c66a54d793dd4b45889a81b35c0751ba91040fe825ec59c4",
                "sha256:29c4688ace466a365b85a51dcc5e3c853c1d283f293dfcc12f7a77e498f160d2",
                "sha256:57214fa5430399dffd54f4be37b56fe22cedb2b98862550d43cc085fb698dc2c",
                "sha256:577791f948d34d569acb2d1add5831731c59d5a0c50a6d9f629ae1cefd9ca4a0",
                "sha256:6539314d84c4d36f28d73adc1b45e9f4ee2a89cdc7e5d2b0a6dbacba31906798",
                "sha256:65867d63f0fd1b500fa343d7798fa64e9e681b594e0a07dc934c13e76ee28fb1",
                "sha256:672b539db20fef6b03d6f7a14b5825d57c98e4026401fce838849f8de73fe4d4",
                "sha256:6843db0343e12e3f52cc58430ad559d850a53684f5b352540ca3f1bc56df0731",
                "sha256:7057613efefd36cacabbdbcef010e0a9c20a88fc07eb3e616019ea1692fa5df4",
                "sha256:76ada88d62eb24de7051c5157a1a78fd853cca9b91c0713c2e973e4196271d0c",
                "sha256:837398c2ec00228679513802e3744d1e8e3cb1204aa6ad408b6aff081e99a487",
                "sha256:8662aabfeab00cea149a3d1c2999b0731e70c6b5bac596d95d13f643e76d3d4e",
                "sha256:95e9094162fa712f18b4f60896e34b621df99147c2cee216cfa8f022294e8e9f",
                "sha256:99cc66b33c418cd579c0f03b77b94263c305c389cb0c6972dac420f24b3bf123",
                "sha256:9b219511d8b64d3fa14261963933be34028ea0e57455baf6781fe399c2c3206c",
                "sha256:ae8f34d50af2c2154035984b8b5fc5d9ed63f32fe615646ab435b05b132ca91b",
                "sha256:b9aa9d8818c2e917fa2c105ad538e222a5bce59777133840b93134022a7ce650",
                "sha256:bf44a9a0141a082e89c90e8d785b212a872db793a0080c20f6ae6e2a0ebf82ad",
                "sha256:c0b48b98d79cf795b0916c57bebbc6d16bb43b9fc9b8c9f57f4cf05881904c75",
                "sha256:da9d3c506f43e220336433dffe643fbfa40096d408cb9b7f2477892f369d5f82",
                "sha256:e4082d832e36e7f9b2278bc774886ca8207346b99f278e54c9de4834f17232f7",
                "sha256:e4b9b7af398c32e408c00eb4e0d33ced2f9121fd9fb978e6c1b57edd014a7d15",
                "sha256:e613514a82539fc48291d01933951a13ae93b6b444a88782480be32245ed4afa",
                "sha256:f5033952def24172e60493b68717792e3aebb387a8d186c43c020d9363ee7281"
            ],
            "version": "==1.14.2"
        },
        "labby": {
            "editable": true,
            "git": "https://github.com/luizribeiro/labby.git",
            "ref": "9fe71e7515012b2ff9bf8614565424a959e73074"
        },
        "mashumaro": {
            "hashes": [
                "sha256:328bd252eeb51959a66c5a465a8ef4877f5ea8ac396af11278ac4bdb06cc49f8"
            ],
            "markers": "python_version >= '3.6'",
            "version": "==1.12"
        },
        "msgpack": {
            "hashes": [
                "sha256:002a0d813e1f7b60da599bdf969e632074f9eec1b96cbed8fb0973a63160a408",
                "sha256:25b3bc3190f3d9d965b818123b7752c5dfb953f0d774b454fd206c18fe384fb8",
                "sha256:271b489499a43af001a2e42f42d876bb98ccaa7e20512ff37ca78c8e12e68f84",
                "sha256:39c54fdebf5fa4dda733369012c59e7d085ebdfe35b6cf648f09d16708f1be5d",
                "sha256:4233b7f86c1208190c78a525cd3828ca1623359ef48f78a6fea4b91bb995775a",
                "sha256:5bea44181fc8e18eed1d0cd76e355073f00ce232ff9653a0ae88cb7d9e643322",
                "sha256:5dba6d074fac9b24f29aaf1d2d032306c27f04187651511257e7831733293ec2",
                "sha256:7a22c965588baeb07242cb561b63f309db27a07382825fc98aecaf0827c1538e",
                "sha256:908944e3f038bca67fcfedb7845c4a257c7749bf9818632586b53bcf06ba4b97",
                "sha256:9534d5cc480d4aff720233411a1f765be90885750b07df772380b34c10ecb5c0",
                "sha256:aa5c057eab4f40ec47ea6f5a9825846be2ff6bf34102c560bad5cad5a677c5be",
                "sha256:b3758dfd3423e358bbb18a7cccd1c74228dffa7a697e5be6cb9535de625c0dbf",
                "sha256:c901e8058dd6653307906c5f157f26ed09eb94a850dddd989621098d347926ab",
                "sha256:cec8bf10981ed70998d98431cd814db0ecf3384e6b113366e7f36af71a0fca08",
                "sha256:db685187a415f51d6b937257474ca72199f393dad89534ebbdd7d7a3b000080e",
                "sha256:e35b051077fc2f3ce12e7c6a34cf309680c63a842db3a0616ea6ed25ad20d272",
                "sha256:e7bbdd8e2b277b77782f3ce34734b0dfde6cbe94ddb74de8d733d603c7f9e2b1",
                "sha256:ea41c9219c597f1d2bf6b374d951d310d58684b5de9dc4bd2976db9e1e22c140"
            ],
            "version": "==1.0.0"
        },
        "mypy-extensions": {
            "hashes": [
                "sha256:090fedd75945a69ae91ce1303b5824f428daf5a028d2f6ab8a299250a846f15d",
                "sha256:2d82818f5bb3e369420cb3c4060a7970edba416647068eb4c5343488a6c604a8"
            ],
            "version": "==0.4.3"
        },
        "numpy": {
            "hashes": [
                "sha256:082f8d4dd69b6b688f64f509b91d482362124986d98dc7dc5f5e9f9b9c3bb983",
                "sha256:1bc0145999e8cb8aed9d4e65dd8b139adf1919e521177f198529687dbf613065",
                "sha256:309cbcfaa103fc9a33ec16d2d62569d541b79f828c382556ff072442226d1968",
                "sha256:3673c8b2b29077f1b7b3a848794f8e11f401ba0b71c49fbd26fb40b71788b132",
                "sha256:480fdd4dbda4dd6b638d3863da3be82873bba6d32d1fc12ea1b8486ac7b8d129",
                "sha256:56ef7f56470c24bb67fb43dae442e946a6ce172f97c69f8d067ff8550cf782ff",
                "sha256:5a936fd51049541d86ccdeef2833cc89a18e4d3808fe58a8abeb802665c5af93",
                "sha256:5b6885c12784a27e957294b60f97e8b5b4174c7504665333c5e94fbf41ae5d6a",
                "sha256:667c07063940e934287993366ad5f56766bc009017b4a0fe91dbd07960d0aba7",
                "sha256:7ed448ff4eaffeb01094959b19cbaf998ecdee9ef9932381420d514e446601cd",
                "sha256:8343bf67c72e09cfabfab55ad4a43ce3f6bf6e6ced7acf70f45ded9ebb425055",
                "sha256:92feb989b47f83ebef246adabc7ff3b9a59ac30601c3f6819f8913458610bdcc",
                "sha256:935c27ae2760c21cd7354402546f6be21d3d0c806fffe967f745d5f2de5005a7",
                "sha256:aaf42a04b472d12515debc621c31cf16c215e332242e7a9f56403d814c744624",
                "sha256:b12e639378c741add21fbffd16ba5ad25c0a1a17cf2b6fe4288feeb65144f35b",
                "sha256:b1cca51512299841bf69add3b75361779962f9cee7d9ee3bb446d5982e925b69",
                "sha256:b8456987b637232602ceb4d663cb34106f7eb780e247d51a260b84760fd8f491",
                "sha256:b9792b0ac0130b277536ab8944e7b754c69560dac0415dd4b2dbd16b902c8954",
                "sha256:c9591886fc9cbe5532d5df85cb8e0cc3b44ba8ce4367bd4cf1b93dc19713da72",
                "sha256:cf1347450c0b7644ea142712619533553f02ef23f92f781312f6a3553d031fc7",
                "sha256:de8b4a9b56255797cbddb93281ed92acbc510fb7b15df3f01bd28f46ebc4edae",
                "sha256:e1b1dc0372f530f26a03578ac75d5e51b3868b9b76cd2facba4c9ee0eb252ab1",
                "sha256:e45f8e981a0ab47103181773cc0a54e650b2aef8c7b6cd07405d0fa8d869444a",
                "sha256:e4f6d3c53911a9d103d8ec9518190e52a8b945bab021745af4939cfc7c0d4a9e",
                "sha256:ed8a311493cf5480a2ebc597d1e177231984c818a86875126cfd004241a73c3e",
                "sha256:ef71a1d4fd4858596ae80ad1ec76404ad29701f8ca7cdcebc50300178db14dfc"
            ],
            "markers": "python_version >= '3.6'",
            "version": "==1.19.1"
        },
        "pandas": {
            "hashes": [
                "sha256:01b1e536eb960822c5e6b58357cad8c4b492a336f4a5630bf0b598566462a578",
                "sha256:0246c67cbaaaac8d25fed8d4cf2d8897bd858f0e540e8528a75281cee9ac516d",
                "sha256:0366150fe8ee37ef89a45d3093e05026b5f895e42bbce3902ce3b6427f1b8471",
                "sha256:16ae070c47474008769fc443ac765ffd88c3506b4a82966e7a605592978896f9",
                "sha256:1acc2bd7fc95e5408a4456897c2c2a1ae7c6acefe108d90479ab6d98d34fcc3d",
                "sha256:391db82ebeb886143b96b9c6c6166686c9a272d00020e4e39ad63b792542d9e2",
                "sha256:41675323d4fcdd15abde068607cad150dfe17f7d32290ee128e5fea98442bd09",
                "sha256:53328284a7bb046e2e885fd1b8c078bd896d7fc4575b915d4936f54984a2ba67",
                "sha256:57c5f6be49259cde8e6f71c2bf240a26b071569cabc04c751358495d09419e56",
                "sha256:84c101d0f7bbf0d9f1be9a2f29f6fcc12415442558d067164e50a56edfb732b4",
                "sha256:88930c74f69e97b17703600233c0eaf1f4f4dd10c14633d522724c5c1b963ec4",
                "sha256:8c9ec12c480c4d915e23ee9c8a2d8eba8509986f35f307771045c1294a2e5b73",
                "sha256:a81c4bf9c59010aa3efddbb6b9fc84a9b76dc0b4da2c2c2d50f06a9ef6ac0004",
                "sha256:d9644ac996149b2a51325d48d77e25c911e01aa6d39dc1b64be679cd71f683ec",
                "sha256:e4b6c98f45695799990da328e6fd7d6187be32752ed64c2f22326ad66762d179",
                "sha256:fe6f1623376b616e03d51f0dd95afd862cf9a33c18cf55ce0ed4bbe1c4444391"
            ],
            "markers": "python_full_version >= '3.6.1'",
            "version": "==1.1.1"
        },
        "pycparser": {
            "hashes": [
                "sha256:2d475327684562c3a96cc71adf7dc8c4f0565175cf86b6d7a404ff4c771f15f0",
                "sha256:7582ad22678f0fcd81102833f60ef8d0e57288b6b5fb00323d101be910e35705"
            ],
            "markers": "python_version >= '2.7' and python_version not in '3.0, 3.1, 3.2, 3.3'",
            "version": "==2.20"
        },
        "pynng": {
            "hashes": [
                "sha256:0115b9c538ff896a6e2439c2e7a73ab09a43a032e80d12972d69ef0ba3b0bcdf",
                "sha256:01be977634ecb9a57158889634f1f26eb55cf7e5c24e40b3fa4df3b69af03283",
                "sha256:10ddb0d2e51369575d6c08d41ab25d757825d981a43c16b69b142e2543f7208d",
                "sha256:169025a22dbd00023ff52dc84d5c7d772fde23b76a066577a7a6fcb451bac577",
                "sha256:17793fdba845fe7a31ae54f3e0427d00cc62b751c402daa2d31dd6a45e6f39a0",
                "sha256:1a90a49c3d8f9f5f781e43dfa485533f4617f1dc8ce82ffc8a429047eb77f2bc",
                "sha256:48941756a485196dbb4eae158fd38c2e4e42a9287746754b968ad4a5631ecd01",
                "sha256:6b9ee29195bed4d6b35561cd28a03d471612dc1e2cef10b2147ea8eeff97fc91",
                "sha256:a44232b6d8505b71e81da748f3cac0fbffd0a0aa15872a77fdc49c9df7d98ff7",
                "sha256:be4af433e574e6a0f8144761453cb83a6adab76745ae94d9594b5e5bb3816499",
                "sha256:c8e00b130b9439d99d76191efa447ff9c07106b2affa107c252c6b6eca91d8b8",
                "sha256:d5919a1f189e7df4d2f522997f2e503aa7fd2a3f81d006061e312f567903d87c",
                "sha256:db4414d2f74a593fc04606c5fb3207d3a316757f27b5646bdd5f77cac8e7a024",
                "sha256:e0c51b0318c44e131acaad46714d16e15150f0b2866020e56ed50851198d6515",
                "sha256:ed241705a76009db0d245a48e7a0be1de5acd791021407639ced122949b9e857",
                "sha256:f5a9d47a311a3520e6aa1cd47476c0ae5d532cf39281e6fd796e11ee469b47ff",
                "sha256:fa43d7378a39589c1661674c63031df8f81c30aa26b4c670c3f54deac7f67cdb",
                "sha256:fdbdf3b2e9c9a073c34aea66d151fc87b9876cd278c1f34ecb58be965eaa09bf"
            ],
            "version": "==0.6.1"
        },
        "pyre-extensions": {
            "hashes": [
                "sha256:60e0411e91ecbeaf1fd5d8851ffce42baf6a74ec7ccd01db545c7a97f15aac30",
                "sha256:e6ad1facef54c982d9c0d9780b1aee9faf5cf53b3c7860a087062a206d1598c8"
            ],
            "version": "==0.0.18"
        },
        "pyserial": {
            "hashes": [
                "sha256:6e2d401fdee0eab996cf734e67773a0143b932772ca8b42451440cfed942c627",
                "sha256:e0770fadba80c31013896c7e6ef703f72e7834965954a78e71a3049488d4d7d8"
            ],
            "version": "==3.4"
        },
        "python-dateutil": {
            "hashes": [
                "sha256:73ebfe9dbf22e832286dafa60473e4cd239f8592f699aa5adaf10050e6e1823c",
                "sha256:75bb3f31ea686f1197762692a9ee6a7550b59fc6ca3a1f4b5d7e32fb98e2da2a"
            ],
            "markers": "python_version >= '2.7' and python_version not in '3.0, 3.1, 3.2, 3.3'",
            "version": "==2.8.1"
        },
        "pytz": {
            "hashes": [
                "sha256:a494d53b6d39c3c6e44c3bec237336e14305e4f29bbf800b599253057fbb79ed",
                "sha256:c35965d010ce31b23eeb663ed3cc8c906275d6be1a34393a1d73a41febf4a048"
            ],
            "version": "==2020.1"
        },
        "pyyaml": {
            "hashes": [
                "sha256:06a0d7ba600ce0b2d2fe2e78453a470b5a6e000a985dd4a4e54e436cc36b0e97",
                "sha256:240097ff019d7c70a4922b6869d8a86407758333f02203e0fc6ff79c5dcede76",
                "sha256:4f4b913ca1a7319b33cfb1369e91e50354d6f07a135f3b901aca02aa95940bd2",
                "sha256:69f00dca373f240f842b2931fb2c7e14ddbacd1397d57157a9b005a6a9942648",
                "sha256:73f099454b799e05e5ab51423c7bcf361c58d3206fa7b0d555426b1f4d9a3eaf",
                "sha256:74809a57b329d6cc0fdccee6318f44b9b8649961fa73144a98735b0aaf029f1f",
                "sha256:7739fc0fa8205b3ee8808aea45e968bc90082c10aef6ea95e855e10abf4a37b2",
                "sha256:95f71d2af0ff4227885f7a6605c37fd53d3a106fcab511b8860ecca9fcf400ee",
                "sha256:b8eac752c5e14d3eca0e6dd9199cd627518cb5ec06add0de9d32baeee6fe645d",
                "sha256:cc8955cfbfc7a115fa81d85284ee61147059a753344bc51098f3ccd69b0d7e0c",
                "sha256:d13155f591e6fcc1ec3b30685d50bf0711574e2c0dfffd7644babf8b5102ca1a"
            ],
            "version": "==5.3.1"
        },
        "ruamel.yaml": {
            "hashes": [
                "sha256:012b9470a0ea06e4e44e99e7920277edf6b46eee0232a04487ea73a7386340a5",
                "sha256:076cc0bc34f1966d920a49f18b52b6ad559fbe656a0748e3535cf7b3f29ebf9e"
            ],
            "version": "==0.16.12"
        },
        "ruamel.yaml.clib": {
            "hashes": [
                "sha256:058a1cc3df2a8aecc12f983a48bda99315cebf55a3b3a5463e37bb599b05727b",
                "sha256:2602e91bd5c1b874d6f93d3086f9830f3e907c543c7672cf293a97c3fabdcd91",
                "sha256:28116f204103cb3a108dfd37668f20abe6e3cafd0d3fd40dba126c732457b3cc",
                "sha256:2d24bd98af676f4990c4d715bcdc2a60b19c56a3fb3a763164d2d8ca0e806ba7",
                "sha256:30dca9bbcbb1cc858717438218d11eafb78666759e5094dd767468c0d577a7e7",
                "sha256:44c7b0498c39f27795224438f1a6be6c5352f82cb887bc33d962c3a3acc00df6",
                "sha256:464e66a04e740d754170be5e740657a3b3b6d2bcc567f0c3437879a6e6087ff6",
                "sha256:4df5019e7783d14b79217ad9c56edf1ba7485d614ad5a385d1b3c768635c81c0",
                "sha256:4e52c96ca66de04be42ea2278012a2342d89f5e82b4512fb6fb7134e377e2e62",
                "sha256:5254af7d8bdf4d5484c089f929cb7f5bafa59b4f01d4f48adda4be41e6d29f99",
                "sha256:52ae5739e4b5d6317b52f5b040b1b6639e8af68a5b8fd606a8b08658fbd0cab5",
                "sha256:53b9dd1abd70e257a6e32f934ebc482dac5edb8c93e23deb663eac724c30b026",
                "sha256:73b3d43e04cc4b228fa6fa5d796409ece6fcb53a6c270eb2048109cbcbc3b9c2",
                "sha256:74161d827407f4db9072011adcfb825b5258a5ccb3d2cd518dd6c9edea9e30f1",
                "sha256:839dd72545ef7ba78fd2aa1a5dd07b33696adf3e68fae7f31327161c1093001b",
                "sha256:8e8fd0a22c9d92af3a34f91e8a2594eeb35cba90ab643c5e0e643567dc8be43e",
                "sha256:a873e4d4954f865dcb60bdc4914af7eaae48fb56b60ed6daa1d6251c72f5337c",
                "sha256:ab845f1f51f7eb750a78937be9f79baea4a42c7960f5a94dde34e69f3cce1988",
                "sha256:b1e981fe1aff1fd11627f531524826a4dcc1f26c726235a52fcb62ded27d150f",
                "sha256:daf21aa33ee9b351f66deed30a3d450ab55c14242cfdfcd377798e2c0d25c9f1",
                "sha256:e9f7d1d8c26a6a12c23421061f9022bb62704e38211fe375c645485f38df34a2",
                "sha256:f6061a31880c1ed6b6ce341215336e2f3d0c1deccd84957b6fa8ca474b41e89f"
            ],
            "markers": "python_version < '3.9' and platform_python_implementation == 'CPython' and platform_python_implementation == 'CPython'",
            "version": "==0.2.2"
        },
        "six": {
            "hashes": [
                "sha256:30639c035cdb23534cd4aa2dd52c3bf48f06e5f4a941509c8bafd8ce11080259",
                "sha256:8b74bedcbbbaca38ff6d7491d76f2b06b3592611af620f8426e82dddb04a5ced"
            ],
            "markers": "python_version >= '2.7' and python_version not in '3.0, 3.1, 3.2, 3.3'",
            "version": "==1.15.0"
        },
        "sniffio": {
            "hashes": [
                "sha256:20ed6d5b46f8ae136d00b9dcb807615d83ed82ceea6b2058cecb696765246da5",
                "sha256:8e3810100f69fe0edd463d02ad407112542a11ffdc29f67db2bf3771afb87a21"
            ],
            "markers": "python_version >= '3.5'",
            "version": "==1.1.0"
        },
        "strictyaml": {
            "hashes": [
                "sha256:6b07dbd4f77ab023ed4167c43ffc1b9f9354fb6075cc6ff3b91fefcbb80342ca"
            ],
            "version": "==1.1.0"
        },
        "typed-argument-parser": {
            "hashes": [
                "sha256:993a966df44608236ccb21c2ce3a3742b1c03862b590d8d156da3c5c65fc0d2a"
            ],
            "version": "==1.5.4"
        },
        "typing-extensions": {
            "hashes": [
                "sha256:7cb407020f00f7bfc3cb3e7881628838e69d8f3fcab2f64742a5e76b2f841918",
                "sha256:99d4073b617d30288f569d3f13d2bd7548c3a7e4c8de87db09a9d29bb3a4a60c",
                "sha256:dafc7639cde7f1b6e1acc0f457842a83e722ccca8eef5270af2d74792619a89f"
            ],
            "version": "==3.7.4.3"
        },
        "typing-inspect": {
            "hashes": [
                "sha256:3b98390df4d999a28cf5b35d8b333425af5da2ece8a4ea9e98f71e7591347b4f",
                "sha256:8f1b1dd25908dbfd81d3bebc218011531e7ab614ba6e5bf7826d887c834afab7",
                "sha256:de08f50a22955ddec353876df7b2545994d6df08a2f45d54ac8c05e530372ca0"
            ],
            "version": "==0.6.0"
        },
        "wasabi": {
            "hashes": [
                "sha256:75fec6db6193c8615d7f398ae4aa2c4ad294e6e3e81c6a6dbbbd3864ee2223c3",
                "sha256:98bc9c492c6aa8628303a02961a5cfa7b0c7fa6d2b397abdeb0adc4b39397c49"
            ],
            "version": "==0.8.0"
        }
    },
    "develop": {}
}
